
Microsoft Visual Studio Solution File, Format Version 12.00
# Visual Studio Version 17
VisualStudioVersion = 17.13.35931.197 d17.13
MinimumVisualStudioVersion = 10.0.40219.1
Project("{FAE04EC0-301F-11D3-BF4B-00C04F79EFBC}") = "ProjetoEscola.Libary", "ProjetoEscola.Libary.csproj", "{DBE2F9B0-6668-49A6-9452-2038646666C8}"
EndProject
Project("{FAE04EC0-301F-11D3-BF4B-00C04F79EFBC}") = "ProjetoEscola.Web", "..\ProjetoEscola.Web\ProjetoEscola.Web.csproj", "{891B1E56-4421-4CAA-BFEB-AE2EAAD647DD}"
EndProject
Global
	GlobalSection(SolutionConfigurationPlatforms) = preSolution
		Debug|Any CPU = Debug|Any CPU
		Release|Any CPU = Release|Any CPU
	EndGlobalSection
	GlobalSection(ProjectConfigurationPlatforms) = postSolution
		{DBE2F9B0-6668-49A6-9452-2038646666C8}.Debug|Any CPU.ActiveCfg = Debug|Any CPU
		{DBE2F9B0-6668-49A6-9452-2038646666C8}.Debug|Any CPU.Build.0 = Debug|Any CPU
		{DBE2F9B0-6668-49A6-9452-2038646666C8}.Release|Any CPU.ActiveCfg = Release|Any CPU
		{DBE2F9B0-6668-49A6-9452-2038646666C8}.Release|Any CPU.Build.0 = Release|Any CPU
		{891B1E56-4421-4CAA-BFEB-AE2EAAD647DD}.Debug|Any CPU.ActiveCfg = Debug|Any CPU
		{891B1E56-4421-4CAA-BFEB-AE2EAAD647DD}.Debug|Any CPU.Build.0 = Debug|Any CPU
		{891B1E56-4421-4CAA-BFEB-AE2EAAD647DD}.Release|Any CPU.ActiveCfg = Release|Any CPU
		{891B1E56-4421-4CAA-BFEB-AE2EAAD647DD}.Release|Any CPU.Build.0 = Release|Any CPU
	EndGlobalSection
	GlobalSection(SolutionProperties) = preSolution
		HideSolutionNode = FALSE
	EndGlobalSection
	GlobalSection(ExtensibilityGlobals) = postSolution
		SolutionGuid = {0AE70AA2-FCDD-4707-B304-61E1E699A376}
	EndGlobalSection
EndGlobal
